
Microsoft Visual Studio Solution File, Format Version 12.00
# Visual Studio Version 17
VisualStudioVersion = 17.9.34701.34
MinimumVisualStudioVersion = 10.0.40219.1
Project("{FAE04EC0-301F-11D3-BF4B-00C04F79EFBC}") = "AnahiQuezada_Examen1P", "AnahiQuezada_Examen1P.csproj", "{A986163A-E19C-4309-99CF-78C44612CA5A}"
EndProject
Global
	GlobalSection(SolutionConfigurationPlatforms) = preSolution
		Debug|Any CPU = Debug|Any CPU
		Release|Any CPU = Release|Any CPU
	EndGlobalSection
	GlobalSection(ProjectConfigurationPlatforms) = postSolution
		{A986163A-E19C-4309-99CF-78C44612CA5A}.Debug|Any CPU.ActiveCfg = Debug|Any CPU
		{A986163A-E19C-4309-99CF-78C44612CA5A}.Debug|Any CPU.Build.0 = Debug|Any CPU
		{A986163A-E19C-4309-99CF-78C44612CA5A}.Release|Any CPU.ActiveCfg = Release|Any CPU
		{A986163A-E19C-4309-99CF-78C44612CA5A}.Release|Any CPU.Build.0 = Release|Any CPU
	EndGlobalSection
	GlobalSection(SolutionProperties) = preSolution
		HideSolutionNode = FALSE
	EndGlobalSection
	GlobalSection(ExtensibilityGlobals) = postSolution
		SolutionGuid = {8634FCE0-5E42-4B53-8F04-0D2762B9EAC8}
	EndGlobalSection
EndGlobal
